// !$*UTF8*$!
{
	archiveVersion = 1;
	classes = {
	};
	objectVersion = 50;
	objects = {

/* Begin PBXBuildFile section */
		FAEC83AD227A296B000311FA /* AppDelegate.swift in Sources */ = {isa = PBXBuildFile; fileRef = FAEC83AC227A296B000311FA /* AppDelegate.swift */; };
		FAEC83B2227A296B000311FA /* Main.storyboard in Resources */ = {isa = PBXBuildFile; fileRef = FAEC83B0227A296B000311FA /* Main.storyboard */; };
		FAEC83B4227A296D000311FA /* Assets.xcassets in Resources */ = {isa = PBXBuildFile; fileRef = FAEC83B3227A296D000311FA /* Assets.xcassets */; };
		FAEC83B7227A296D000311FA /* LaunchScreen.storyboard in Resources */ = {isa = PBXBuildFile; fileRef = FAEC83B5227A296D000311FA /* LaunchScreen.storyboard */; };
		FAEC83BF227A2A26000311FA /* CryptexViewController.swift in Sources */ = {isa = PBXBuildFile; fileRef = FAEC83BE227A2A26000311FA /* CryptexViewController.swift */; };
		FAEC83C1227A2B37000311FA /* Cryptex.swift in Sources */ = {isa = PBXBuildFile; fileRef = FAEC83C0227A2B37000311FA /* Cryptex.swift */; };
		FAEC83C3227A2B6B000311FA /* CryptexController.swift in Sources */ = {isa = PBXBuildFile; fileRef = FAEC83C2227A2B6B000311FA /* CryptexController.swift */; };
/* End PBXBuildFile section */

/* Begin PBXFileReference section */
		FAEC83A9227A296B000311FA /* Cryptex.app */ = {isa = PBXFileReference; explicitFileType = wrapper.application; includeInIndex = 0; path = Cryptex.app; sourceTree = BUILT_PRODUCTS_DIR; };
		FAEC83AC227A296B000311FA /* AppDelegate.swift */ = {isa = PBXFileReference; lastKnownFileType = sourcecode.swift; path = AppDelegate.swift; sourceTree = "<group>"; };
		FAEC83B1227A296B000311FA /* Base */ = {isa = PBXFileReference; lastKnownFileType = file.storyboard; name = Base; path = Base.lproj/Main.storyboard; sourceTree = "<group>"; };
		FAEC83B3227A296D000311FA /* Assets.xcassets */ = {isa = PBXFileReference; lastKnownFileType = folder.assetcatalog; path = Assets.xcassets; sourceTree = "<group>"; };
		FAEC83B6227A296D000311FA /* Base */ = {isa = PBXFileReference; lastKnownFileType = file.storyboard; name = Base; path = Base.lproj/LaunchScreen.storyboard; sourceTree = "<group>"; };
		FAEC83B8227A296D000311FA /* Info.plist */ = {isa = PBXFileReference; lastKnownFileType = text.plist.xml; path = Info.plist; sourceTree = "<group>"; };
		FAEC83BE227A2A26000311FA /* CryptexViewController.swift */ = {isa = PBXFileReference; lastKnownFileType = sourcecode.swift; path = CryptexViewController.swift; sourceTree = "<group>"; };
		FAEC83C0227A2B37000311FA /* Cryptex.swift */ = {isa = PBXFileReference; lastKnownFileType = sourcecode.swift; path = Cryptex.swift; sourceTree = "<group>"; };
		FAEC83C2227A2B6B000311FA /* CryptexController.swift */ = {isa = PBXFileReference; lastKnownFileType = sourcecode.swift; path = CryptexController.swift; sourceTree = "<group>"; };
/* End PBXFileReference section */

/* Begin PBXFrameworksBuildPhase section */
		FAEC83A6227A296B000311FA /* Frameworks */ = {
			isa = PBXFrameworksBuildPhase;
			buildActionMask = 2147483647;
			files = (
			);
			runOnlyForDeploymentPostprocessing = 0;
		};
/* End PBXFrameworksBuildPhase section */

/* Begin PBXGroup section */
		FAEC83A0227A296B000311FA = {
			isa = PBXGroup;
			children = (
				FAEC83AB227A296B000311FA /* Cryptex */,
				FAEC83AA227A296B000311FA /* Products */,
			);
			sourceTree = "<group>";
		};
		FAEC83AA227A296B000311FA /* Products */ = {
			isa = PBXGroup;
			children = (
				FAEC83A9227A296B000311FA /* Cryptex.app */,
			);
			name = Products;
			sourceTree = "<group>";
		};
		FAEC83AB227A296B000311FA /* Cryptex */ = {
			isa = PBXGroup;
			children = (
				FAEC83AC227A296B000311FA /* AppDelegate.swift */,
				FAEC83B0227A296B000311FA /* Main.storyboard */,
				FAEC83BE227A2A26000311FA /* CryptexViewController.swift */,
				FAEC83C0227A2B37000311FA /* Cryptex.swift */,
				FAEC83C2227A2B6B000311FA /* CryptexController.swift */,
				FAEC83B3227A296D000311FA /* Assets.xcassets */,
				FAEC83B5227A296D000311FA /* LaunchScreen.storyboard */,
				FAEC83B8227A296D000311FA /* Info.plist */,
			);
			path = Cryptex;
			sourceTree = "<group>";
		};
/* End PBXGroup section */

/* Begin PBXNativeTarget section */
		FAEC83A8227A296B000311FA /* Cryptex */ = {
			isa = PBXNativeTarget;
			buildConfigurationList = FAEC83BB227A296D000311FA /* Build configuration list for PBXNativeTarget "Cryptex" */;
			buildPhases = (
				FAEC83A5227A296B000311FA /* Sources */,
				FAEC83A6227A296B000311FA /* Frameworks */,
				FAEC83A7227A296B000311FA /* Resources */,
			);
			buildRules = (
			);
			dependencies = (
			);
			name = Cryptex;
			productName = Cryptex;
			productReference = FAEC83A9227A296B000311FA /* Cryptex.app */;
			productType = "com.apple.product-type.application";
		};
/* End PBXNativeTarget section */

/* Begin PBXProject section */
		FAEC83A1227A296B000311FA /* Project object */ = {
			isa = PBXProject;
			attributes = {
				LastSwiftUpdateCheck = 1020;
				LastUpgradeCheck = 1020;
				ORGANIZATIONNAME = "Blair Holmgren";
				TargetAttributes = {
					FAEC83A8227A296B000311FA = {
						CreatedOnToolsVersion = 10.2.1;
					};
				};
			};
			buildConfigurationList = FAEC83A4227A296B000311FA /* Build configuration list for PBXProject "Cryptex" */;
			compatibilityVersion = "Xcode 9.3";
			developmentRegion = en;
			hasScannedForEncodings = 0;
			knownRegions = (
				en,
				Base,
			);
			mainGroup = FAEC83A0227A296B000311FA;
			productRefGroup = FAEC83AA227A296B000311FA /* Products */;
			projectDirPath = "";
			projectRoot = "";
			targets = (
				FAEC83A8227A296B000311FA /* Cryptex */,
			);
		};
/* End PBXProject section */

/* Begin PBXResourcesBuildPhase section */
		FAEC83A7227A296B000311FA /* Resources */ = {
			isa = PBXResourcesBuildPhase;
			buildActionMask = 2147483647;
			files = (
				FAEC83B7227A296D000311FA /* LaunchScreen.storyboard in Resources */,
				FAEC83B4227A296D000311FA /* Assets.xcassets in Resources */,
				FAEC83B2227A296B000311FA /* Main.storyboard in Resources */,
			);
			runOnlyForDeploymentPostprocessing = 0;
		};
/* End PBXResourcesBuildPhase section */

/* Begin PBXSourcesBuildPhase section */
		FAEC83A5227A296B000311FA /* Sources */ = {
			isa = PBXSourcesBuildPhase;
			buildActionMask = 2147483647;
			files = (
				FAEC83BF227A2A26000311FA /* CryptexViewController.swift in Sources */,
				FAEC83C3227A2B6B000311FA /* CryptexController.swift in Sources */,
				FAEC83C1227A2B37000311FA /* Cryptex.swift in Sources */,
				FAEC83AD227A296B000311FA /* AppDelegate.swift in Sources */,
			);
			runOnlyForDeploymentPostprocessing = 0;
		};
/* End PBXSourcesBuildPhase section */

/* Begin PBXVariantGroup section */
		FAEC83B0227A296B000311FA /* Main.storyboard */ = {
			isa = PBXVariantGroup;
			children = (
				FAEC83B1227A296B000311FA /* Base */,
			);
			name = Main.storyboard;
			sourceTree = "<group>";
		};
		FAEC83B5227A296D000311FA /* LaunchScreen.storyboard */ = {
			isa = PBXVariantGroup;
			children = (
				FAEC83B6227A296D000311FA /* Base */,
			);
			name = LaunchScreen.storyboard;
			sourceTree = "<group>";
		};
/* End PBXVariantGroup section */

/* Begin XCBuildConfiguration section */
		FAEC83B9227A296D000311FA /* Debug */ = {
			isa = XCBuildConfiguration;
			buildSettings = {
				ALWAYS_SEARCH_USER_PATHS = NO;
				CLANG_ANALYZER_NONNULL = YES;
				CLANG_ANALYZER_NUMBER_OBJECT_CONVERSION = YES_AGGRESSIVE;
				CLANG_CXX_LANGUAGE_STANDARD = "gnu++14";
				CLANG_CXX_LIBRARY = "libc++";
				CLANG_ENABLE_MODULES = YES;
				CLANG_ENABLE_OBJC_ARC = YES;
				CLANG_ENABLE_OBJC_WEAK = YES;
				CLANG_WARN_BLOCK_CAPTURE_AUTORELEASING = YES;
				CLANG_WARN_BOOL_CONVERSION = YES;
				CLANG_WARN_COMMA = YES;
				CLANG_WARN_CONSTANT_CONVERSION = YES;
				CLANG_WARN_DEPRECATED_OBJC_IMPLEMENTATIONS = YES;
				CLANG_WARN_DIRECT_OBJC_ISA_USAGE = YES_ERROR;
				CLANG_WARN_DOCUMENTATION_COMMENTS = YES;
				CLANG_WARN_EMPTY_BODY = YES;
				CLANG_WARN_ENUM_CONVERSION = YES;
				CLANG_WARN_INFINITE_RECURSION = YES;
				CLANG_WARN_INT_CONVERSION = YES;
				CLANG_WARN_NON_LITERAL_NULL_CONVERSION = YES;
				CLANG_WARN_OBJC_IMPLICIT_RETAIN_SELF = YES;
				CLANG_WARN_OBJC_LITERAL_CONVERSION = YES;
				CLANG_WARN_OBJC_ROOT_CLASS = YES_ERROR;
				CLANG_WARN_RANGE_LOOP_ANALYSIS = YES;
				CLANG_WARN_STRICT_PROTOTYPES = YES;
				CLANG_WARN_SUSPICIOUS_MOVE = YES;
				CLANG_WARN_UNGUARDED_AVAILABILITY = YES_AGGRESSIVE;
				CLANG_WARN_UNREACHABLE_CODE = YES;
				CLANG_WARN__DUPLICATE_METHOD_MATCH = YES;
				CODE_SIGN_IDENTITY = "iPhone Developer";
				COPY_PHASE_STRIP = NO;
				DEBUG_INFORMATION_FORMAT = dwarf;
				ENABLE_STRICT_OBJC_MSGSEND = YES;
				ENABLE_TESTABILITY = YES;
				GCC_C_LANGUAGE_STANDARD = gnu11;
				GCC_DYNAMIC_NO_PIC = NO;
				GCC_NO_COMMON_BLOCKS = YES;
				GCC_OPTIMIZATION_LEVEL = 0;
				GCC_PREPROCESSOR_DEFINITIONS = (
					"DEBUG=1",
					"$(inherited)",
				);
				GCC_WARN_64_TO_32_BIT_CONVERSION = YES;
				GCC_WARN_ABOUT_RETURN_TYPE = YES_ERROR;
				GCC_WARN_UNDECLARED_SELECTOR = YES;
				GCC_WARN_UNINITIALIZED_AUTOS = YES_AGGRESSIVE;
				GCC_WARN_UNUSED_FUNCTION = YES;
				GCC_WARN_UNUSED_VARIABLE = YES;
				IPHONEOS_DEPLOYMENT_TARGET = 12.2;
				MTL_ENABLE_DEBUG_INFO = INCLUDE_SOURCE;
				MTL_FAST_MATH = YES;
				ONLY_ACTIVE_ARCH = YES;
				SDKROOT = iphoneos;
				SWIFT_ACTIVE_COMPILATION_CONDITIONS = DEBUG;
				SWIFT_OPTIMIZATION_LEVEL = "-Onone";
			};
			name = Debug;
		};
		FAEC83BA227A296D000311FA /* Release */ = {
			isa = XCBuildConfiguration;
			buildSettings = {
				ALWAYS_SEARCH_USER_PATHS = NO;
				CLANG_ANALYZER_NONNULL = YES;
				CLANG_ANALYZER_NUMBER_OBJECT_CONVERSION = YES_AGGRESSIVE;
				CLANG_CXX_LANGUAGE_STANDARD = "gnu++14";
				CLANG_CXX_LIBRARY = "libc++";
				CLANG_ENABLE_MODULES = YES;
				CLANG_ENABLE_OBJC_ARC = YES;
				CLANG_ENABLE_OBJC_WEAK = YES;
				CLANG_WARN_BLOCK_CAPTURE_AUTORELEASING = YES;
				CLANG_WARN_BOOL_CONVERSION = YES;
				CLANG_WARN_COMMA = YES;
				CLANG_WARN_CONSTANT_CONVERSION = YES;
				CLANG_WARN_DEPRECATED_OBJC_IMPLEMENTATIONS = YES;
				CLANG_WARN_DIRECT_OBJC_ISA_USAGE = YES_ERROR;
				CLANG_WARN_DOCUMENTATION_COMMENTS = YES;
				CLANG_WARN_EMPTY_BODY = YES;
				CLANG_WARN_ENUM_CONVERSION = YES;
				CLANG_WARN_INFINITE_RECURSION = YES;
				CLANG_WARN_INT_CONVERSION = YES;
				CLANG_WARN_NON_LITERAL_NULL_CONVERSION = YES;
				CLANG_WARN_OBJC_IMPLICIT_RETAIN_SELF = YES;
				CLANG_WARN_OBJC_LITERAL_CONVERSION = YES;
				CLANG_WARN_OBJC_ROOT_CLASS = YES_ERROR;
				CLANG_WARN_RANGE_LOOP_ANALYSIS = YES;
				CLANG_WARN_STRICT_PROTOTYPES = YES;
				CLANG_WARN_SUSPICIOUS_MOVE = YES;
				CLANG_WARN_UNGUARDED_AVAILABILITY = YES_AGGRESSIVE;
				CLANG_WARN_UNREACHABLE_CODE = YES;
				CLANG_WARN__DUPLICATE_METHOD_MATCH = YES;
				CODE_SIGN_IDENTITY = "iPhone Developer";
				COPY_PHASE_STRIP = NO;
				DEBUG_INFORMATION_FORMAT = "dwarf-with-dsym";
				ENABLE_NS_ASSERTIONS = NO;
				ENABLE_STRICT_OBJC_MSGSEND = YES;
				GCC_C_LANGUAGE_STANDARD = gnu11;
				GCC_NO_COMMON_BLOCKS = YES;
				GCC_WARN_64_TO_32_BIT_CONVERSION = YES;
				GCC_WARN_ABOUT_RETURN_TYPE = YES_ERROR;
				GCC_WARN_UNDECLARED_SELECTOR = YES;
				GCC_WARN_UNINITIALIZED_AUTOS = YES_AGGRESSIVE;
				GCC_WARN_UNUSED_FUNCTION = YES;
				GCC_WARN_UNUSED_VARIABLE = YES;
				IPHONEOS_DEPLOYMENT_TARGET = 12.2;
				MTL_ENABLE_DEBUG_INFO = NO;
				MTL_FAST_MATH = YES;
				SDKROOT = iphoneos;
				SWIFT_COMPILATION_MODE = wholemodule;
				SWIFT_OPTIMIZATION_LEVEL = "-O";
				VALIDATE_PRODUCT = YES;
			};
			name = Release;
		};
		FAEC83BC227A296D000311FA /* Debug */ = {
			isa = XCBuildConfiguration;
			buildSettings = {
				ASSETCATALOG_COMPILER_APPICON_NAME = AppIcon;
				CODE_SIGN_STYLE = Automatic;
				DEVELOPMENT_TEAM = HWY7Z9R9K5;
				INFOPLIST_FILE = Cryptex/Info.plist;
				LD_RUNPATH_SEARCH_PATHS = (
					"$(inherited)",
					"@executable_path/Frameworks",
				);
				PRODUCT_BUNDLE_IDENTIFIER = com.blairholmgren.Cryptex;
				PRODUCT_NAME = "$(TARGET_NAME)";
				SWIFT_VERSION = 5.0;
				TARGETED_DEVICE_FAMILY = "1,2";
			};
			name = Debug;
		};
		FAEC83BD227A296D000311FA /* Release */ = {
			isa = XCBuildConfiguration;
			buildSettings = {
				ASSETCATALOG_COMPILER_APPICON_NAME = AppIcon;
				CODE_SIGN_STYLE = Automatic;
				DEVELOPMENT_TEAM = HWY7Z9R9K5;
				INFOPLIST_FILE = Cryptex/Info.plist;
				LD_RUNPATH_SEARCH_PATHS = (
					"$(inherited)",
					"@executable_path/Frameworks",
				);
				PRODUCT_BUNDLE_IDENTIFIER = com.blairholmgren.Cryptex;
				PRODUCT_NAME = "$(TARGET_NAME)";
				SWIFT_VERSION = 5.0;
				TARGETED_DEVICE_FAMILY = "1,2";
			};
			name = Release;
		};
/* End XCBuildConfiguration section */

/* Begin XCConfigurationList section */
		FAEC83A4227A296B000311FA /* Build configuration list for PBXProject "Cryptex" */ = {
			isa = XCConfigurationList;
			buildConfigurations = (
				FAEC83B9227A296D000311FA /* Debug */,
				FAEC83BA227A296D000311FA /* Release */,
			);
			defaultConfigurationIsVisible = 0;
			defaultConfigurationName = Release;
		};
		FAEC83BB227A296D000311FA /* Build configuration list for PBXNativeTarget "Cryptex" */ = {
			isa = XCConfigurationList;
			buildConfigurations = (
				FAEC83BC227A296D000311FA /* Debug */,
				FAEC83BD227A296D000311FA /* Release */,
			);
			defaultConfigurationIsVisible = 0;
			defaultConfigurationName = Release;
		};
/* End XCConfigurationList section */
	};
	rootObject = FAEC83A1227A296B000311FA /* Project object */;
}
